// !$*UTF8*$!
{
	archiveVersion = 1;
	classes = {
	};
	objectVersion = 50;
	objects = {

/* Begin PBXBuildFile section */
		E347E63125DAA2F10048DF10 /* AppDelegate.swift in Sources */ = {isa = PBXBuildFile; fileRef = E347E63025DAA2F10048DF10 /* AppDelegate.swift */; };
		E347E63325DAA2F10048DF10 /* SceneDelegate.swift in Sources */ = {isa = PBXBuildFile; fileRef = E347E63225DAA2F10048DF10 /* SceneDelegate.swift */; };
		E347E63525DAA2F10048DF10 /* RecordAudio.swift in Sources */ = {isa = PBXBuildFile; fileRef = E347E63425DAA2F10048DF10 /* RecordAudio.swift */; };
		E347E63825DAA2F10048DF10 /* Main.storyboard in Resources */ = {isa = PBXBuildFile; fileRef = E347E63625DAA2F10048DF10 /* Main.storyboard */; };
		E347E63A25DAA2F30048DF10 /* Assets.xcassets in Resources */ = {isa = PBXBuildFile; fileRef = E347E63925DAA2F30048DF10 /* Assets.xcassets */; };
		E347E63D25DAA2F30048DF10 /* LaunchScreen.storyboard in Resources */ = {isa = PBXBuildFile; fileRef = E347E63B25DAA2F30048DF10 /* LaunchScreen.storyboard */; };
		E35C02D025F2796800C0C9A2 /* FileSetting.swift in Sources */ = {isa = PBXBuildFile; fileRef = E35C02CF25F2796800C0C9A2 /* FileSetting.swift */; };
/* End PBXBuildFile section */

/* Begin PBXFileReference section */
		E347E62D25DAA2F10048DF10 /* MissinonRadio.app */ = {isa = PBXFileReference; explicitFileType = wrapper.application; includeInIndex = 0; path = MissinonRadio.app; sourceTree = BUILT_PRODUCTS_DIR; };
		E347E63025DAA2F10048DF10 /* AppDelegate.swift */ = {isa = PBXFileReference; lastKnownFileType = sourcecode.swift; path = AppDelegate.swift; sourceTree = "<group>"; };
		E347E63225DAA2F10048DF10 /* SceneDelegate.swift */ = {isa = PBXFileReference; lastKnownFileType = sourcecode.swift; path = SceneDelegate.swift; sourceTree = "<group>"; };
		E347E63425DAA2F10048DF10 /* RecordAudio.swift */ = {isa = PBXFileReference; lastKnownFileType = sourcecode.swift; path = RecordAudio.swift; sourceTree = "<group>"; };
		E347E63725DAA2F10048DF10 /* Base */ = {isa = PBXFileReference; lastKnownFileType = file.storyboard; name = Base; path = Base.lproj/Main.storyboard; sourceTree = "<group>"; };
		E347E63925DAA2F30048DF10 /* Assets.xcassets */ = {isa = PBXFileReference; lastKnownFileType = folder.assetcatalog; path = Assets.xcassets; sourceTree = "<group>"; };
		E347E63C25DAA2F30048DF10 /* Base */ = {isa = PBXFileReference; lastKnownFileType = file.storyboard; name = Base; path = Base.lproj/LaunchScreen.storyboard; sourceTree = "<group>"; };
		E347E63E25DAA2F30048DF10 /* Info.plist */ = {isa = PBXFileReference; lastKnownFileType = text.plist.xml; path = Info.plist; sourceTree = "<group>"; };
		E35C02CF25F2796800C0C9A2 /* FileSetting.swift */ = {isa = PBXFileReference; lastKnownFileType = sourcecode.swift; path = FileSetting.swift; sourceTree = "<group>"; };
/* End PBXFileReference section */

/* Begin PBXFrameworksBuildPhase section */
		E347E62A25DAA2F10048DF10 /* Frameworks */ = {
			isa = PBXFrameworksBuildPhase;
			buildActionMask = 2147483647;
			files = (
			);
			runOnlyForDeploymentPostprocessing = 0;
		};
/* End PBXFrameworksBuildPhase section */

/* Begin PBXGroup section */
		E347E62425DAA2F10048DF10 = {
			isa = PBXGroup;
			children = (
				E347E62F25DAA2F10048DF10 /* MissinonRadio */,
				E347E62E25DAA2F10048DF10 /* Products */,
			);
			sourceTree = "<group>";
		};
		E347E62E25DAA2F10048DF10 /* Products */ = {
			isa = PBXGroup;
			children = (
				E347E62D25DAA2F10048DF10 /* MissinonRadio.app */,
			);
			name = Products;
			sourceTree = "<group>";
		};
		E347E62F25DAA2F10048DF10 /* MissinonRadio */ = {
			isa = PBXGroup;
			children = (
				E35C02D425F27BFB00C0C9A2 /* VIEW */,
				E35C02D325F2797700C0C9A2 /* CONTROLLER */,
				E35C02D525F288D300C0C9A2 /* MODEL */,
				E347E63625DAA2F10048DF10 /* Main.storyboard */,
				E347E63025DAA2F10048DF10 /* AppDelegate.swift */,
				E347E63225DAA2F10048DF10 /* SceneDelegate.swift */,
				E347E63925DAA2F30048DF10 /* Assets.xcassets */,
				E347E63B25DAA2F30048DF10 /* LaunchScreen.storyboard */,
				E347E63E25DAA2F30048DF10 /* Info.plist */,
			);
			path = MissinonRadio;
			sourceTree = "<group>";
		};
		E35C02D325F2797700C0C9A2 /* CONTROLLER */ = {
			isa = PBXGroup;
			children = (
			);
			path = CONTROLLER;
			sourceTree = "<group>";
		};
		E35C02D425F27BFB00C0C9A2 /* VIEW */ = {
			isa = PBXGroup;
			children = (
				E347E63425DAA2F10048DF10 /* RecordAudio.swift */,
			);
			path = VIEW;
			sourceTree = "<group>";
		};
		E35C02D525F288D300C0C9A2 /* MODEL */ = {
			isa = PBXGroup;
			children = (
				E35C02CF25F2796800C0C9A2 /* FileSetting.swift */,
			);
			path = MODEL;
			sourceTree = "<group>";
		};
/* End PBXGroup section */

/* Begin PBXNativeTarget section */
		E347E62C25DAA2F10048DF10 /* MissinonRadio */ = {
			isa = PBXNativeTarget;
			buildConfigurationList = E347E64125DAA2F30048DF10 /* Build configuration list for PBXNativeTarget "MissinonRadio" */;
			buildPhases = (
				E347E62925DAA2F10048DF10 /* Sources */,
				E347E62A25DAA2F10048DF10 /* Frameworks */,
				E347E62B25DAA2F10048DF10 /* Resources */,
			);
			buildRules = (
			);
			dependencies = (
			);
			name = MissinonRadio;
			productName = MissinonRadio;
			productReference = E347E62D25DAA2F10048DF10 /* MissinonRadio.app */;
			productType = "com.apple.product-type.application";
		};
/* End PBXNativeTarget section */

/* Begin PBXProject section */
		E347E62525DAA2F10048DF10 /* Project object */ = {
			isa = PBXProject;
			attributes = {
				LastSwiftUpdateCheck = 1240;
				LastUpgradeCheck = 1240;
				TargetAttributes = {
					E347E62C25DAA2F10048DF10 = {
						CreatedOnToolsVersion = 12.4;
					};
				};
			};
			buildConfigurationList = E347E62825DAA2F10048DF10 /* Build configuration list for PBXProject "MissinonRadio" */;
			compatibilityVersion = "Xcode 9.3";
			developmentRegion = en;
			hasScannedForEncodings = 0;
			knownRegions = (
				en,
				Base,
			);
			mainGroup = E347E62425DAA2F10048DF10;
			productRefGroup = E347E62E25DAA2F10048DF10 /* Products */;
			projectDirPath = "";
			projectRoot = "";
			targets = (
				E347E62C25DAA2F10048DF10 /* MissinonRadio */,
			);
		};
/* End PBXProject section */

/* Begin PBXResourcesBuildPhase section */
		E347E62B25DAA2F10048DF10 /* Resources */ = {
			isa = PBXResourcesBuildPhase;
			buildActionMask = 2147483647;
			files = (
				E347E63D25DAA2F30048DF10 /* LaunchScreen.storyboard in Resources */,
				E347E63A25DAA2F30048DF10 /* Assets.xcassets in Resources */,
				E347E63825DAA2F10048DF10 /* Main.storyboard in Resources */,
			);
			runOnlyForDeploymentPostprocessing = 0;
		};
/* End PBXResourcesBuildPhase section */

/* Begin PBXSourcesBuildPhase section */
		E347E62925DAA2F10048DF10 /* Sources */ = {
			isa = PBXSourcesBuildPhase;
			buildActionMask = 2147483647;
			files = (
				E347E63525DAA2F10048DF10 /* RecordAudio.swift in Sources */,
				E347E63125DAA2F10048DF10 /* AppDelegate.swift in Sources */,
				E347E63325DAA2F10048DF10 /* SceneDelegate.swift in Sources */,
				E35C02D025F2796800C0C9A2 /* FileSetting.swift in Sources */,
			);
			runOnlyForDeploymentPostprocessing = 0;
		};
/* End PBXSourcesBuildPhase section */

/* Begin PBXVariantGroup section */
		E347E63625DAA2F10048DF10 /* Main.storyboard */ = {
			isa = PBXVariantGroup;
			children = (
				E347E63725DAA2F10048DF10 /* Base */,
			);
			name = Main.storyboard;
			sourceTree = "<group>";
		};
		E347E63B25DAA2F30048DF10 /* LaunchScreen.storyboard */ = {
			isa = PBXVariantGroup;
			children = (
				E347E63C25DAA2F30048DF10 /* Base */,
			);
			name = LaunchScreen.storyboard;
			sourceTree = "<group>";
		};
/* End PBXVariantGroup section */

/* Begin XCBuildConfiguration section */
		E347E63F25DAA2F30048DF10 /* Debug */ = {
			isa = XCBuildConfiguration;
			buildSettings = {
				ALWAYS_SEARCH_USER_PATHS = NO;
				CLANG_ANALYZER_NONNULL = YES;
				CLANG_ANALYZER_NUMBER_OBJECT_CONVERSION = YES_AGGRESSIVE;
				CLANG_CXX_LANGUAGE_STANDARD = "gnu++14";
				CLANG_CXX_LIBRARY = "libc++";
				CLANG_ENABLE_MODULES = YES;
				CLANG_ENABLE_OBJC_ARC = YES;
				CLANG_ENABLE_OBJC_WEAK = YES;
				CLANG_WARN_BLOCK_CAPTURE_AUTORELEASING = YES;
				CLANG_WARN_BOOL_CONVERSION = YES;
				CLANG_WARN_COMMA = YES;
				CLANG_WARN_CONSTANT_CONVERSION = YES;
				CLANG_WARN_DEPRECATED_OBJC_IMPLEMENTATIONS = YES;
				CLANG_WARN_DIRECT_OBJC_ISA_USAGE = YES_ERROR;
				CLANG_WARN_DOCUMENTATION_COMMENTS = YES;
				CLANG_WARN_EMPTY_BODY = YES;
				CLANG_WARN_ENUM_CONVERSION = YES;
				CLANG_WARN_INFINITE_RECURSION = YES;
				CLANG_WARN_INT_CONVERSION = YES;
				CLANG_WARN_NON_LITERAL_NULL_CONVERSION = YES;
				CLANG_WARN_OBJC_IMPLICIT_RETAIN_SELF = YES;
				CLANG_WARN_OBJC_LITERAL_CONVERSION = YES;
				CLANG_WARN_OBJC_ROOT_CLASS = YES_ERROR;
				CLANG_WARN_QUOTED_INCLUDE_IN_FRAMEWORK_HEADER = YES;
				CLANG_WARN_RANGE_LOOP_ANALYSIS = YES;
				CLANG_WARN_STRICT_PROTOTYPES = YES;
				CLANG_WARN_SUSPICIOUS_MOVE = YES;
				CLANG_WARN_UNGUARDED_AVAILABILITY = YES_AGGRESSIVE;
				CLANG_WARN_UNREACHABLE_CODE = YES;
				CLANG_WARN__DUPLICATE_METHOD_MATCH = YES;
				COPY_PHASE_STRIP = NO;
				DEBUG_INFORMATION_FORMAT = dwarf;
				ENABLE_STRICT_OBJC_MSGSEND = YES;
				ENABLE_TESTABILITY = YES;
				GCC_C_LANGUAGE_STANDARD = gnu11;
				GCC_DYNAMIC_NO_PIC = NO;
				GCC_NO_COMMON_BLOCKS = YES;
				GCC_OPTIMIZATION_LEVEL = 0;
				GCC_PREPROCESSOR_DEFINITIONS = (
					"DEBUG=1",
					"$(inherited)",
				);
				GCC_WARN_64_TO_32_BIT_CONVERSION = YES;
				GCC_WARN_ABOUT_RETURN_TYPE = YES_ERROR;
				GCC_WARN_UNDECLARED_SELECTOR = YES;
				GCC_WARN_UNINITIALIZED_AUTOS = YES_AGGRESSIVE;
				GCC_WARN_UNUSED_FUNCTION = YES;
				GCC_WARN_UNUSED_VARIABLE = YES;
				IPHONEOS_DEPLOYMENT_TARGET = 14.4;
				MTL_ENABLE_DEBUG_INFO = INCLUDE_SOURCE;
				MTL_FAST_MATH = YES;
				ONLY_ACTIVE_ARCH = YES;
				SDKROOT = iphoneos;
				SWIFT_ACTIVE_COMPILATION_CONDITIONS = DEBUG;
				SWIFT_OPTIMIZATION_LEVEL = "-Onone";
			};
			name = Debug;
		};
		E347E64025DAA2F30048DF10 /* Release */ = {
			isa = XCBuildConfiguration;
			buildSettings = {
				ALWAYS_SEARCH_USER_PATHS = NO;
				CLANG_ANALYZER_NONNULL = YES;
				CLANG_ANALYZER_NUMBER_OBJECT_CONVERSION = YES_AGGRESSIVE;
				CLANG_CXX_LANGUAGE_STANDARD = "gnu++14";
				CLANG_CXX_LIBRARY = "libc++";
				CLANG_ENABLE_MODULES = YES;
				CLANG_ENABLE_OBJC_ARC = YES;
				CLANG_ENABLE_OBJC_WEAK = YES;
				CLANG_WARN_BLOCK_CAPTURE_AUTORELEASING = YES;
				CLANG_WARN_BOOL_CONVERSION = YES;
				CLANG_WARN_COMMA = YES;
				CLANG_WARN_CONSTANT_CONVERSION = YES;
				CLANG_WARN_DEPRECATED_OBJC_IMPLEMENTATIONS = YES;
				CLANG_WARN_DIRECT_OBJC_ISA_USAGE = YES_ERROR;
				CLANG_WARN_DOCUMENTATION_COMMENTS = YES;
				CLANG_WARN_EMPTY_BODY = YES;
				CLANG_WARN_ENUM_CONVERSION = YES;
				CLANG_WARN_INFINITE_RECURSION = YES;
				CLANG_WARN_INT_CONVERSION = YES;
				CLANG_WARN_NON_LITERAL_NULL_CONVERSION = YES;
				CLANG_WARN_OBJC_IMPLICIT_RETAIN_SELF = YES;
				CLANG_WARN_OBJC_LITERAL_CONVERSION = YES;
				CLANG_WARN_OBJC_ROOT_CLASS = YES_ERROR;
				CLANG_WARN_QUOTED_INCLUDE_IN_FRAMEWORK_HEADER = YES;
				CLANG_WARN_RANGE_LOOP_ANALYSIS = YES;
				CLANG_WARN_STRICT_PROTOTYPES = YES;
				CLANG_WARN_SUSPICIOUS_MOVE = YES;
				CLANG_WARN_UNGUARDED_AVAILABILITY = YES_AGGRESSIVE;
				CLANG_WARN_UNREACHABLE_CODE = YES;
				CLANG_WARN__DUPLICATE_METHOD_MATCH = YES;
				COPY_PHASE_STRIP = NO;
				DEBUG_INFORMATION_FORMAT = "dwarf-with-dsym";
				ENABLE_NS_ASSERTIONS = NO;
				ENABLE_STRICT_OBJC_MSGSEND = YES;
				GCC_C_LANGUAGE_STANDARD = gnu11;
				GCC_NO_COMMON_BLOCKS = YES;
				GCC_WARN_64_TO_32_BIT_CONVERSION = YES;
				GCC_WARN_ABOUT_RETURN_TYPE = YES_ERROR;
				GCC_WARN_UNDECLARED_SELECTOR = YES;
				GCC_WARN_UNINITIALIZED_AUTOS = YES_AGGRESSIVE;
				GCC_WARN_UNUSED_FUNCTION = YES;
				GCC_WARN_UNUSED_VARIABLE = YES;
				IPHONEOS_DEPLOYMENT_TARGET = 14.4;
				MTL_ENABLE_DEBUG_INFO = NO;
				MTL_FAST_MATH = YES;
				SDKROOT = iphoneos;
				SWIFT_COMPILATION_MODE = wholemodule;
				SWIFT_OPTIMIZATION_LEVEL = "-O";
				VALIDATE_PRODUCT = YES;
			};
			name = Release;
		};
		E347E64225DAA2F30048DF10 /* Debug */ = {
			isa = XCBuildConfiguration;
			buildSettings = {
				ASSETCATALOG_COMPILER_APPICON_NAME = AppIcon;
				ASSETCATALOG_COMPILER_GLOBAL_ACCENT_COLOR_NAME = AccentColor;
				CODE_SIGN_STYLE = Automatic;
				DEVELOPMENT_TEAM = 2N36N7T2W8;
				INFOPLIST_FILE = MissinonRadio/Info.plist;
				LD_RUNPATH_SEARCH_PATHS = (
					"$(inherited)",
					"@executable_path/Frameworks",
				);
				PRODUCT_BUNDLE_IDENTIFIER = kenshihoo.MissinonRadio;
				PRODUCT_NAME = "$(TARGET_NAME)";
				SWIFT_VERSION = 5.0;
				TARGETED_DEVICE_FAMILY = 1;
			};
			name = Debug;
		};
		E347E64325DAA2F30048DF10 /* Release */ = {
			isa = XCBuildConfiguration;
			buildSettings = {
				ASSETCATALOG_COMPILER_APPICON_NAME = AppIcon;
				ASSETCATALOG_COMPILER_GLOBAL_ACCENT_COLOR_NAME = AccentColor;
				CODE_SIGN_STYLE = Automatic;
				DEVELOPMENT_TEAM = 2N36N7T2W8;
				INFOPLIST_FILE = MissinonRadio/Info.plist;
				LD_RUNPATH_SEARCH_PATHS = (
					"$(inherited)",
					"@executable_path/Frameworks",
				);
				PRODUCT_BUNDLE_IDENTIFIER = kenshihoo.MissinonRadio;
				PRODUCT_NAME = "$(TARGET_NAME)";
				SWIFT_VERSION = 5.0;
				TARGETED_DEVICE_FAMILY = 1;
			};
			name = Release;
		};
/* End XCBuildConfiguration section */

/* Begin XCConfigurationList section */
		E347E62825DAA2F10048DF10 /* Build configuration list for PBXProject "MissinonRadio" */ = {
			isa = XCConfigurationList;
			buildConfigurations = (
				E347E63F25DAA2F30048DF10 /* Debug */,
				E347E64025DAA2F30048DF10 /* Release */,
			);
			defaultConfigurationIsVisible = 0;
			defaultConfigurationName = Release;
		};
		E347E64125DAA2F30048DF10 /* Build configuration list for PBXNativeTarget "MissinonRadio" */ = {
			isa = XCConfigurationList;
			buildConfigurations = (
				E347E64225DAA2F30048DF10 /* Debug */,
				E347E64325DAA2F30048DF10 /* Release */,
			);
			defaultConfigurationIsVisible = 0;
			defaultConfigurationName = Release;
		};
/* End XCConfigurationList section */
	};
	rootObject = E347E62525DAA2F10048DF10 /* Project object */;
}
